// !$*UTF8*$!
{
	archiveVersion = 1;
	classes = {
	};
	objectVersion = 56;
	objects = {

/* Begin PBXBuildFile section */
		C203CAEC2BB316A700906E33 /* SimplePickerViewController.swift in Sources */ = {isa = PBXBuildFile; fileRef = C203CAEB2BB316A700906E33 /* SimplePickerViewController.swift */; };
		C203CAF02BB3CA5600906E33 /* BasicButton2ViewController.swift in Sources */ = {isa = PBXBuildFile; fileRef = C203CAEF2BB3CA5600906E33 /* BasicButton2ViewController.swift */; };
		C203CAF22BB3FEC400906E33 /* SimpleTableViewController.swift in Sources */ = {isa = PBXBuildFile; fileRef = C203CAF12BB3FEC400906E33 /* SimpleTableViewController.swift */; };
		C203CAFA2BB41FDF00906E33 /* SimpleValidationViewController.swift in Sources */ = {isa = PBXBuildFile; fileRef = C203CAF92BB41FDF00906E33 /* SimpleValidationViewController.swift */; };
		C203CAFC2BB4428A00906E33 /* SeSAC61ViewController.swift in Sources */ = {isa = PBXBuildFile; fileRef = C203CAFB2BB4428A00906E33 /* SeSAC61ViewController.swift */; };
		C21902152BB2574B00007F25 /* AppDelegate.swift in Sources */ = {isa = PBXBuildFile; fileRef = C21902142BB2574B00007F25 /* AppDelegate.swift */; };
		C21902172BB2574B00007F25 /* SceneDelegate.swift in Sources */ = {isa = PBXBuildFile; fileRef = C21902162BB2574B00007F25 /* SceneDelegate.swift */; };
		C21902192BB2574B00007F25 /* ViewController.swift in Sources */ = {isa = PBXBuildFile; fileRef = C21902182BB2574B00007F25 /* ViewController.swift */; };
		C219021C2BB2574B00007F25 /* Base in Resources */ = {isa = PBXBuildFile; fileRef = C219021B2BB2574B00007F25 /* Base */; };
		C219021E2BB2574D00007F25 /* Assets.xcassets in Resources */ = {isa = PBXBuildFile; fileRef = C219021D2BB2574D00007F25 /* Assets.xcassets */; };
		C21902212BB2574D00007F25 /* Base in Resources */ = {isa = PBXBuildFile; fileRef = C21902202BB2574D00007F25 /* Base */; };
		C219022A2BB2575F00007F25 /* SnapKit in Frameworks */ = {isa = PBXBuildFile; productRef = C21902292BB2575F00007F25 /* SnapKit */; };
		C219022C2BB2575F00007F25 /* SnapKit-Dynamic in Frameworks */ = {isa = PBXBuildFile; productRef = C219022B2BB2575F00007F25 /* SnapKit-Dynamic */; };
		C21902302BB2584300007F25 /* RxCocoa in Frameworks */ = {isa = PBXBuildFile; productRef = C219022F2BB2584300007F25 /* RxCocoa */; };
		C21902322BB2584300007F25 /* RxSwift in Frameworks */ = {isa = PBXBuildFile; productRef = C21902312BB2584300007F25 /* RxSwift */; };
		C21902342BB2693400007F25 /* BasicButtonViewController.swift in Sources */ = {isa = PBXBuildFile; fileRef = C21902332BB2693400007F25 /* BasicButtonViewController.swift */; };
		C21902372BB26BC100007F25 /* Then in Frameworks */ = {isa = PBXBuildFile; productRef = C21902362BB26BC100007F25 /* Then */; };
		C21902392BB288A500007F25 /* BasicTableViewController.swift in Sources */ = {isa = PBXBuildFile; fileRef = C21902382BB288A500007F25 /* BasicTableViewController.swift */; };
		C219023C2BB2928100007F25 /* BasicViewController.swift in Sources */ = {isa = PBXBuildFile; fileRef = C219023B2BB2928100007F25 /* BasicViewController.swift */; };
		C21902492BB2DAFB00007F25 /* ReviewButtonViewController.swift in Sources */ = {isa = PBXBuildFile; fileRef = C21902482BB2DAFB00007F25 /* ReviewButtonViewController.swift */; };
		C219024B2BB2DB7500007F25 /* BaseViewController.swift in Sources */ = {isa = PBXBuildFile; fileRef = C219024A2BB2DB7500007F25 /* BaseViewController.swift */; };
		C2DE8E862BB2E2A300542368 /* ReviewTableViewController.swift in Sources */ = {isa = PBXBuildFile; fileRef = C2DE8E852BB2E2A300542368 /* ReviewTableViewController.swift */; };
		C2DE8E882BB2EC5900542368 /* ReviewBasicViewController.swift in Sources */ = {isa = PBXBuildFile; fileRef = C2DE8E872BB2EC5900542368 /* ReviewBasicViewController.swift */; };
		C2DE8E8A2BB2F48B00542368 /* PickerViewController.swift in Sources */ = {isa = PBXBuildFile; fileRef = C2DE8E892BB2F48B00542368 /* PickerViewController.swift */; };
/* End PBXBuildFile section */

/* Begin PBXFileReference section */
		C203CAEB2BB316A700906E33 /* SimplePickerViewController.swift */ = {isa = PBXFileReference; lastKnownFileType = sourcecode.swift; path = SimplePickerViewController.swift; sourceTree = "<group>"; };
		C203CAEF2BB3CA5600906E33 /* BasicButton2ViewController.swift */ = {isa = PBXFileReference; lastKnownFileType = sourcecode.swift; path = BasicButton2ViewController.swift; sourceTree = "<group>"; };
		C203CAF12BB3FEC400906E33 /* SimpleTableViewController.swift */ = {isa = PBXFileReference; lastKnownFileType = sourcecode.swift; path = SimpleTableViewController.swift; sourceTree = "<group>"; };
		C203CAF92BB41FDF00906E33 /* SimpleValidationViewController.swift */ = {isa = PBXFileReference; lastKnownFileType = sourcecode.swift; path = SimpleValidationViewController.swift; sourceTree = "<group>"; };
		C203CAFB2BB4428A00906E33 /* SeSAC61ViewController.swift */ = {isa = PBXFileReference; lastKnownFileType = sourcecode.swift; path = SeSAC61ViewController.swift; sourceTree = "<group>"; };
		C21902112BB2574B00007F25 /* SeSAC4RxSwiftBasic.app */ = {isa = PBXFileReference; explicitFileType = wrapper.application; includeInIndex = 0; path = SeSAC4RxSwiftBasic.app; sourceTree = BUILT_PRODUCTS_DIR; };
		C21902142BB2574B00007F25 /* AppDelegate.swift */ = {isa = PBXFileReference; lastKnownFileType = sourcecode.swift; path = AppDelegate.swift; sourceTree = "<group>"; };
		C21902162BB2574B00007F25 /* SceneDelegate.swift */ = {isa = PBXFileReference; lastKnownFileType = sourcecode.swift; path = SceneDelegate.swift; sourceTree = "<group>"; };
		C21902182BB2574B00007F25 /* ViewController.swift */ = {isa = PBXFileReference; lastKnownFileType = sourcecode.swift; path = ViewController.swift; sourceTree = "<group>"; };
		C219021B2BB2574B00007F25 /* Base */ = {isa = PBXFileReference; lastKnownFileType = file.storyboard; name = Base; path = Base.lproj/Main.storyboard; sourceTree = "<group>"; };
		C219021D2BB2574D00007F25 /* Assets.xcassets */ = {isa = PBXFileReference; lastKnownFileType = folder.assetcatalog; path = Assets.xcassets; sourceTree = "<group>"; };
		C21902202BB2574D00007F25 /* Base */ = {isa = PBXFileReference; lastKnownFileType = file.storyboard; name = Base; path = Base.lproj/LaunchScreen.storyboard; sourceTree = "<group>"; };
		C21902222BB2574D00007F25 /* Info.plist */ = {isa = PBXFileReference; lastKnownFileType = text.plist.xml; path = Info.plist; sourceTree = "<group>"; };
		C21902332BB2693400007F25 /* BasicButtonViewController.swift */ = {isa = PBXFileReference; lastKnownFileType = sourcecode.swift; path = BasicButtonViewController.swift; sourceTree = "<group>"; };
		C21902382BB288A500007F25 /* BasicTableViewController.swift */ = {isa = PBXFileReference; lastKnownFileType = sourcecode.swift; path = BasicTableViewController.swift; sourceTree = "<group>"; };
		C219023B2BB2928100007F25 /* BasicViewController.swift */ = {isa = PBXFileReference; lastKnownFileType = sourcecode.swift; path = BasicViewController.swift; sourceTree = "<group>"; };
		C21902482BB2DAFB00007F25 /* ReviewButtonViewController.swift */ = {isa = PBXFileReference; lastKnownFileType = sourcecode.swift; path = ReviewButtonViewController.swift; sourceTree = "<group>"; };
		C219024A2BB2DB7500007F25 /* BaseViewController.swift */ = {isa = PBXFileReference; lastKnownFileType = sourcecode.swift; path = BaseViewController.swift; sourceTree = "<group>"; };
		C2DE8E852BB2E2A300542368 /* ReviewTableViewController.swift */ = {isa = PBXFileReference; lastKnownFileType = sourcecode.swift; path = ReviewTableViewController.swift; sourceTree = "<group>"; };
		C2DE8E872BB2EC5900542368 /* ReviewBasicViewController.swift */ = {isa = PBXFileReference; lastKnownFileType = sourcecode.swift; path = ReviewBasicViewController.swift; sourceTree = "<group>"; };
		C2DE8E892BB2F48B00542368 /* PickerViewController.swift */ = {isa = PBXFileReference; lastKnownFileType = sourcecode.swift; path = PickerViewController.swift; sourceTree = "<group>"; };
/* End PBXFileReference section */

/* Begin PBXFrameworksBuildPhase section */
		C219020E2BB2574B00007F25 /* Frameworks */ = {
			isa = PBXFrameworksBuildPhase;
			buildActionMask = 2147483647;
			files = (
				C21902372BB26BC100007F25 /* Then in Frameworks */,
				C21902302BB2584300007F25 /* RxCocoa in Frameworks */,
				C219022A2BB2575F00007F25 /* SnapKit in Frameworks */,
				C21902322BB2584300007F25 /* RxSwift in Frameworks */,
				C219022C2BB2575F00007F25 /* SnapKit-Dynamic in Frameworks */,
			);
			runOnlyForDeploymentPostprocessing = 0;
		};
/* End PBXFrameworksBuildPhase section */

/* Begin PBXGroup section */
		C21902082BB2574B00007F25 = {
			isa = PBXGroup;
			children = (
				C21902132BB2574B00007F25 /* SeSAC4RxSwiftBasic */,
				C21902122BB2574B00007F25 /* Products */,
			);
			sourceTree = "<group>";
		};
		C21902122BB2574B00007F25 /* Products */ = {
			isa = PBXGroup;
			children = (
				C21902112BB2574B00007F25 /* SeSAC4RxSwiftBasic.app */,
			);
			name = Products;
			sourceTree = "<group>";
		};
		C21902132BB2574B00007F25 /* SeSAC4RxSwiftBasic */ = {
			isa = PBXGroup;
			children = (
				C21902142BB2574B00007F25 /* AppDelegate.swift */,
				C21902162BB2574B00007F25 /* SceneDelegate.swift */,
				C21902182BB2574B00007F25 /* ViewController.swift */,
				C219021A2BB2574B00007F25 /* Main.storyboard */,
				C219021D2BB2574D00007F25 /* Assets.xcassets */,
				C219021F2BB2574D00007F25 /* LaunchScreen.storyboard */,
				C21902222BB2574D00007F25 /* Info.plist */,
				C219024D2BB2DF6E00007F25 /* SeSAC */,
				C2DE8E842BB2DFC800542368 /* Review */,
			);
			path = SeSAC4RxSwiftBasic;
			sourceTree = "<group>";
		};
		C219024D2BB2DF6E00007F25 /* SeSAC */ = {
			isa = PBXGroup;
			children = (
				C21902332BB2693400007F25 /* BasicButtonViewController.swift */,
				C21902382BB288A500007F25 /* BasicTableViewController.swift */,
				C219023B2BB2928100007F25 /* BasicViewController.swift */,
				C203CAEF2BB3CA5600906E33 /* BasicButton2ViewController.swift */,
			);
			path = SeSAC;
			sourceTree = "<group>";
		};
		C2DE8E842BB2DFC800542368 /* Review */ = {
			isa = PBXGroup;
			children = (
				C21902482BB2DAFB00007F25 /* ReviewButtonViewController.swift */,
				C219024A2BB2DB7500007F25 /* BaseViewController.swift */,
				C2DE8E852BB2E2A300542368 /* ReviewTableViewController.swift */,
				C2DE8E872BB2EC5900542368 /* ReviewBasicViewController.swift */,
				C2DE8E892BB2F48B00542368 /* PickerViewController.swift */,
				C203CAEB2BB316A700906E33 /* SimplePickerViewController.swift */,
				C203CAF12BB3FEC400906E33 /* SimpleTableViewController.swift */,
				C203CAF92BB41FDF00906E33 /* SimpleValidationViewController.swift */,
				C203CAFB2BB4428A00906E33 /* SeSAC61ViewController.swift */,
			);
			path = Review;
			sourceTree = "<group>";
		};
/* End PBXGroup section */

/* Begin PBXNativeTarget section */
		C21902102BB2574B00007F25 /* SeSAC4RxSwiftBasic */ = {
			isa = PBXNativeTarget;
			buildConfigurationList = C21902252BB2574D00007F25 /* Build configuration list for PBXNativeTarget "SeSAC4RxSwiftBasic" */;
			buildPhases = (
				C219020D2BB2574B00007F25 /* Sources */,
				C219020E2BB2574B00007F25 /* Frameworks */,
				C219020F2BB2574B00007F25 /* Resources */,
			);
			buildRules = (
			);
			dependencies = (
			);
			name = SeSAC4RxSwiftBasic;
			packageProductDependencies = (
				C21902292BB2575F00007F25 /* SnapKit */,
				C219022B2BB2575F00007F25 /* SnapKit-Dynamic */,
				C219022F2BB2584300007F25 /* RxCocoa */,
				C21902312BB2584300007F25 /* RxSwift */,
				C21902362BB26BC100007F25 /* Then */,
			);
			productName = SeSAC4RxSwiftBasic;
			productReference = C21902112BB2574B00007F25 /* SeSAC4RxSwiftBasic.app */;
			productType = "com.apple.product-type.application";
		};
/* End PBXNativeTarget section */

/* Begin PBXProject section */
		C21902092BB2574B00007F25 /* Project object */ = {
			isa = PBXProject;
			attributes = {
				BuildIndependentTargetsInParallel = 1;
				LastSwiftUpdateCheck = 1530;
				LastUpgradeCheck = 1530;
				TargetAttributes = {
					C21902102BB2574B00007F25 = {
						CreatedOnToolsVersion = 15.3;
					};
				};
			};
			buildConfigurationList = C219020C2BB2574B00007F25 /* Build configuration list for PBXProject "SeSAC4RxSwiftBasic" */;
			compatibilityVersion = "Xcode 14.0";
			developmentRegion = en;
			hasScannedForEncodings = 0;
			knownRegions = (
				en,
				Base,
			);
			mainGroup = C21902082BB2574B00007F25;
			packageReferences = (
				C21902282BB2575F00007F25 /* XCRemoteSwiftPackageReference "SnapKit" */,
				C219022E2BB2584300007F25 /* XCRemoteSwiftPackageReference "RxSwift" */,
				C21902352BB26BC100007F25 /* XCRemoteSwiftPackageReference "Then" */,
			);
			productRefGroup = C21902122BB2574B00007F25 /* Products */;
			projectDirPath = "";
			projectRoot = "";
			targets = (
				C21902102BB2574B00007F25 /* SeSAC4RxSwiftBasic */,
			);
		};
/* End PBXProject section */

/* Begin PBXResourcesBuildPhase section */
		C219020F2BB2574B00007F25 /* Resources */ = {
			isa = PBXResourcesBuildPhase;
			buildActionMask = 2147483647;
			files = (
				C219021E2BB2574D00007F25 /* Assets.xcassets in Resources */,
				C21902212BB2574D00007F25 /* Base in Resources */,
				C219021C2BB2574B00007F25 /* Base in Resources */,
			);
			runOnlyForDeploymentPostprocessing = 0;
		};
/* End PBXResourcesBuildPhase section */

/* Begin PBXSourcesBuildPhase section */
		C219020D2BB2574B00007F25 /* Sources */ = {
			isa = PBXSourcesBuildPhase;
			buildActionMask = 2147483647;
			files = (
				C21902192BB2574B00007F25 /* ViewController.swift in Sources */,
				C2DE8E862BB2E2A300542368 /* ReviewTableViewController.swift in Sources */,
				C219023C2BB2928100007F25 /* BasicViewController.swift in Sources */,
				C21902152BB2574B00007F25 /* AppDelegate.swift in Sources */,
				C203CAEC2BB316A700906E33 /* SimplePickerViewController.swift in Sources */,
				C21902492BB2DAFB00007F25 /* ReviewButtonViewController.swift in Sources */,
				C2DE8E882BB2EC5900542368 /* ReviewBasicViewController.swift in Sources */,
				C21902172BB2574B00007F25 /* SceneDelegate.swift in Sources */,
				C2DE8E8A2BB2F48B00542368 /* PickerViewController.swift in Sources */,
				C219024B2BB2DB7500007F25 /* BaseViewController.swift in Sources */,
				C203CAF02BB3CA5600906E33 /* BasicButton2ViewController.swift in Sources */,
				C203CAFC2BB4428A00906E33 /* SeSAC61ViewController.swift in Sources */,
				C203CAF22BB3FEC400906E33 /* SimpleTableViewController.swift in Sources */,
				C21902342BB2693400007F25 /* BasicButtonViewController.swift in Sources */,
				C21902392BB288A500007F25 /* BasicTableViewController.swift in Sources */,
				C203CAFA2BB41FDF00906E33 /* SimpleValidationViewController.swift in Sources */,
			);
			runOnlyForDeploymentPostprocessing = 0;
		};
/* End PBXSourcesBuildPhase section */

/* Begin PBXVariantGroup section */
		C219021A2BB2574B00007F25 /* Main.storyboard */ = {
			isa = PBXVariantGroup;
			children = (
				C219021B2BB2574B00007F25 /* Base */,
			);
			name = Main.storyboard;
			sourceTree = "<group>";
		};
		C219021F2BB2574D00007F25 /* LaunchScreen.storyboard */ = {
			isa = PBXVariantGroup;
			children = (
				C21902202BB2574D00007F25 /* Base */,
			);
			name = LaunchScreen.storyboard;
			sourceTree = "<group>";
		};
/* End PBXVariantGroup section */

/* Begin XCBuildConfiguration section */
		C21902232BB2574D00007F25 /* Debug */ = {
			isa = XCBuildConfiguration;
			buildSettings = {
				ALWAYS_SEARCH_USER_PATHS = NO;
				ASSETCATALOG_COMPILER_GENERATE_SWIFT_ASSET_SYMBOL_EXTENSIONS = YES;
				CLANG_ANALYZER_NONNULL = YES;
				CLANG_ANALYZER_NUMBER_OBJECT_CONVERSION = YES_AGGRESSIVE;
				CLANG_CXX_LANGUAGE_STANDARD = "gnu++20";
				CLANG_ENABLE_MODULES = YES;
				CLANG_ENABLE_OBJC_ARC = YES;
				CLANG_ENABLE_OBJC_WEAK = YES;
				CLANG_WARN_BLOCK_CAPTURE_AUTORELEASING = YES;
				CLANG_WARN_BOOL_CONVERSION = YES;
				CLANG_WARN_COMMA = YES;
				CLANG_WARN_CONSTANT_CONVERSION = YES;
				CLANG_WARN_DEPRECATED_OBJC_IMPLEMENTATIONS = YES;
				CLANG_WARN_DIRECT_OBJC_ISA_USAGE = YES_ERROR;
				CLANG_WARN_DOCUMENTATION_COMMENTS = YES;
				CLANG_WARN_EMPTY_BODY = YES;
				CLANG_WARN_ENUM_CONVERSION = YES;
				CLANG_WARN_INFINITE_RECURSION = YES;
				CLANG_WARN_INT_CONVERSION = YES;
				CLANG_WARN_NON_LITERAL_NULL_CONVERSION = YES;
				CLANG_WARN_OBJC_IMPLICIT_RETAIN_SELF = YES;
				CLANG_WARN_OBJC_LITERAL_CONVERSION = YES;
				CLANG_WARN_OBJC_ROOT_CLASS = YES_ERROR;
				CLANG_WARN_QUOTED_INCLUDE_IN_FRAMEWORK_HEADER = YES;
				CLANG_WARN_RANGE_LOOP_ANALYSIS = YES;
				CLANG_WARN_STRICT_PROTOTYPES = YES;
				CLANG_WARN_SUSPICIOUS_MOVE = YES;
				CLANG_WARN_UNGUARDED_AVAILABILITY = YES_AGGRESSIVE;
				CLANG_WARN_UNREACHABLE_CODE = YES;
				CLANG_WARN__DUPLICATE_METHOD_MATCH = YES;
				COPY_PHASE_STRIP = NO;
				DEBUG_INFORMATION_FORMAT = dwarf;
				ENABLE_STRICT_OBJC_MSGSEND = YES;
				ENABLE_TESTABILITY = YES;
				ENABLE_USER_SCRIPT_SANDBOXING = YES;
				GCC_C_LANGUAGE_STANDARD = gnu17;
				GCC_DYNAMIC_NO_PIC = NO;
				GCC_NO_COMMON_BLOCKS = YES;
				GCC_OPTIMIZATION_LEVEL = 0;
				GCC_PREPROCESSOR_DEFINITIONS = (
					"DEBUG=1",
					"$(inherited)",
				);
				GCC_WARN_64_TO_32_BIT_CONVERSION = YES;
				GCC_WARN_ABOUT_RETURN_TYPE = YES_ERROR;
				GCC_WARN_UNDECLARED_SELECTOR = YES;
				GCC_WARN_UNINITIALIZED_AUTOS = YES_AGGRESSIVE;
				GCC_WARN_UNUSED_FUNCTION = YES;
				GCC_WARN_UNUSED_VARIABLE = YES;
				IPHONEOS_DEPLOYMENT_TARGET = 17.4;
				LOCALIZATION_PREFERS_STRING_CATALOGS = YES;
				MTL_ENABLE_DEBUG_INFO = INCLUDE_SOURCE;
				MTL_FAST_MATH = YES;
				ONLY_ACTIVE_ARCH = YES;
				SDKROOT = iphoneos;
				SWIFT_ACTIVE_COMPILATION_CONDITIONS = "DEBUG $(inherited)";
				SWIFT_OPTIMIZATION_LEVEL = "-Onone";
			};
			name = Debug;
		};
		C21902242BB2574D00007F25 /* Release */ = {
			isa = XCBuildConfiguration;
			buildSettings = {
				ALWAYS_SEARCH_USER_PATHS = NO;
				ASSETCATALOG_COMPILER_GENERATE_SWIFT_ASSET_SYMBOL_EXTENSIONS = YES;
				CLANG_ANALYZER_NONNULL = YES;
				CLANG_ANALYZER_NUMBER_OBJECT_CONVERSION = YES_AGGRESSIVE;
				CLANG_CXX_LANGUAGE_STANDARD = "gnu++20";
				CLANG_ENABLE_MODULES = YES;
				CLANG_ENABLE_OBJC_ARC = YES;
				CLANG_ENABLE_OBJC_WEAK = YES;
				CLANG_WARN_BLOCK_CAPTURE_AUTORELEASING = YES;
				CLANG_WARN_BOOL_CONVERSION = YES;
				CLANG_WARN_COMMA = YES;
				CLANG_WARN_CONSTANT_CONVERSION = YES;
				CLANG_WARN_DEPRECATED_OBJC_IMPLEMENTATIONS = YES;
				CLANG_WARN_DIRECT_OBJC_ISA_USAGE = YES_ERROR;
				CLANG_WARN_DOCUMENTATION_COMMENTS = YES;
				CLANG_WARN_EMPTY_BODY = YES;
				CLANG_WARN_ENUM_CONVERSION = YES;
				CLANG_WARN_INFINITE_RECURSION = YES;
				CLANG_WARN_INT_CONVERSION = YES;
				CLANG_WARN_NON_LITERAL_NULL_CONVERSION = YES;
				CLANG_WARN_OBJC_IMPLICIT_RETAIN_SELF = YES;
				CLANG_WARN_OBJC_LITERAL_CONVERSION = YES;
				CLANG_WARN_OBJC_ROOT_CLASS = YES_ERROR;
				CLANG_WARN_QUOTED_INCLUDE_IN_FRAMEWORK_HEADER = YES;
				CLANG_WARN_RANGE_LOOP_ANALYSIS = YES;
				CLANG_WARN_STRICT_PROTOTYPES = YES;
				CLANG_WARN_SUSPICIOUS_MOVE = YES;
				CLANG_WARN_UNGUARDED_AVAILABILITY = YES_AGGRESSIVE;
				CLANG_WARN_UNREACHABLE_CODE = YES;
				CLANG_WARN__DUPLICATE_METHOD_MATCH = YES;
				COPY_PHASE_STRIP = NO;
				DEBUG_INFORMATION_FORMAT = "dwarf-with-dsym";
				ENABLE_NS_ASSERTIONS = NO;
				ENABLE_STRICT_OBJC_MSGSEND = YES;
				ENABLE_USER_SCRIPT_SANDBOXING = YES;
				GCC_C_LANGUAGE_STANDARD = gnu17;
				GCC_NO_COMMON_BLOCKS = YES;
				GCC_WARN_64_TO_32_BIT_CONVERSION = YES;
				GCC_WARN_ABOUT_RETURN_TYPE = YES_ERROR;
				GCC_WARN_UNDECLARED_SELECTOR = YES;
				GCC_WARN_UNINITIALIZED_AUTOS = YES_AGGRESSIVE;
				GCC_WARN_UNUSED_FUNCTION = YES;
				GCC_WARN_UNUSED_VARIABLE = YES;
				IPHONEOS_DEPLOYMENT_TARGET = 17.4;
				LOCALIZATION_PREFERS_STRING_CATALOGS = YES;
				MTL_ENABLE_DEBUG_INFO = NO;
				MTL_FAST_MATH = YES;
				SDKROOT = iphoneos;
				SWIFT_COMPILATION_MODE = wholemodule;
				VALIDATE_PRODUCT = YES;
			};
			name = Release;
		};
		C21902262BB2574D00007F25 /* Debug */ = {
			isa = XCBuildConfiguration;
			buildSettings = {
				ASSETCATALOG_COMPILER_APPICON_NAME = AppIcon;
				ASSETCATALOG_COMPILER_GLOBAL_ACCENT_COLOR_NAME = AccentColor;
				CODE_SIGN_STYLE = Automatic;
				CURRENT_PROJECT_VERSION = 1;
				DEVELOPMENT_TEAM = 8HG96SSK4A;
				GENERATE_INFOPLIST_FILE = YES;
				INFOPLIST_FILE = SeSAC4RxSwiftBasic/Info.plist;
				INFOPLIST_KEY_UIApplicationSupportsIndirectInputEvents = YES;
				INFOPLIST_KEY_UILaunchStoryboardName = LaunchScreen;
				INFOPLIST_KEY_UIMainStoryboardFile = Main;
				INFOPLIST_KEY_UISupportedInterfaceOrientations_iPad = "UIInterfaceOrientationPortrait UIInterfaceOrientationPortraitUpsideDown UIInterfaceOrientationLandscapeLeft UIInterfaceOrientationLandscapeRight";
				INFOPLIST_KEY_UISupportedInterfaceOrientations_iPhone = "UIInterfaceOrientationPortrait UIInterfaceOrientationLandscapeLeft UIInterfaceOrientationLandscapeRight";
				LD_RUNPATH_SEARCH_PATHS = (
					"$(inherited)",
					"@executable_path/Frameworks",
				);
				MARKETING_VERSION = 1.0;
				PRODUCT_BUNDLE_IDENTIFIER = com.cyndi.SeSAC4RxSwiftBasic;
				PRODUCT_NAME = "$(TARGET_NAME)";
				SWIFT_EMIT_LOC_STRINGS = YES;
				SWIFT_VERSION = 5.0;
				TARGETED_DEVICE_FAMILY = "1,2";
			};
			name = Debug;
		};
		C21902272BB2574D00007F25 /* Release */ = {
			isa = XCBuildConfiguration;
			buildSettings = {
				ASSETCATALOG_COMPILER_APPICON_NAME = AppIcon;
				ASSETCATALOG_COMPILER_GLOBAL_ACCENT_COLOR_NAME = AccentColor;
				CODE_SIGN_STYLE = Automatic;
				CURRENT_PROJECT_VERSION = 1;
				DEVELOPMENT_TEAM = 8HG96SSK4A;
				GENERATE_INFOPLIST_FILE = YES;
				INFOPLIST_FILE = SeSAC4RxSwiftBasic/Info.plist;
				INFOPLIST_KEY_UIApplicationSupportsIndirectInputEvents = YES;
				INFOPLIST_KEY_UILaunchStoryboardName = LaunchScreen;
				INFOPLIST_KEY_UIMainStoryboardFile = Main;
				INFOPLIST_KEY_UISupportedInterfaceOrientations_iPad = "UIInterfaceOrientationPortrait UIInterfaceOrientationPortraitUpsideDown UIInterfaceOrientationLandscapeLeft UIInterfaceOrientationLandscapeRight";
				INFOPLIST_KEY_UISupportedInterfaceOrientations_iPhone = "UIInterfaceOrientationPortrait UIInterfaceOrientationLandscapeLeft UIInterfaceOrientationLandscapeRight";
				LD_RUNPATH_SEARCH_PATHS = (
					"$(inherited)",
					"@executable_path/Frameworks",
				);
				MARKETING_VERSION = 1.0;
				PRODUCT_BUNDLE_IDENTIFIER = com.cyndi.SeSAC4RxSwiftBasic;
				PRODUCT_NAME = "$(TARGET_NAME)";
				SWIFT_EMIT_LOC_STRINGS = YES;
				SWIFT_VERSION = 5.0;
				TARGETED_DEVICE_FAMILY = "1,2";
			};
			name = Release;
		};
/* End XCBuildConfiguration section */

/* Begin XCConfigurationList section */
		C219020C2BB2574B00007F25 /* Build configuration list for PBXProject "SeSAC4RxSwiftBasic" */ = {
			isa = XCConfigurationList;
			buildConfigurations = (
				C21902232BB2574D00007F25 /* Debug */,
				C21902242BB2574D00007F25 /* Release */,
			);
			defaultConfigurationIsVisible = 0;
			defaultConfigurationName = Release;
		};
		C21902252BB2574D00007F25 /* Build configuration list for PBXNativeTarget "SeSAC4RxSwiftBasic" */ = {
			isa = XCConfigurationList;
			buildConfigurations = (
				C21902262BB2574D00007F25 /* Debug */,
				C21902272BB2574D00007F25 /* Release */,
			);
			defaultConfigurationIsVisible = 0;
			defaultConfigurationName = Release;
		};
/* End XCConfigurationList section */

/* Begin XCRemoteSwiftPackageReference section */
		C21902282BB2575F00007F25 /* XCRemoteSwiftPackageReference "SnapKit" */ = {
			isa = XCRemoteSwiftPackageReference;
			repositoryURL = "https://github.com/SnapKit/SnapKit.git";
			requirement = {
				kind = upToNextMajorVersion;
				minimumVersion = 5.7.1;
			};
		};
		C219022E2BB2584300007F25 /* XCRemoteSwiftPackageReference "RxSwift" */ = {
			isa = XCRemoteSwiftPackageReference;
			repositoryURL = "https://github.com/ReactiveX/RxSwift";
			requirement = {
				kind = upToNextMajorVersion;
				minimumVersion = 6.6.0;
			};
		};
		C21902352BB26BC100007F25 /* XCRemoteSwiftPackageReference "Then" */ = {
			isa = XCRemoteSwiftPackageReference;
			repositoryURL = "https://github.com/devxoul/Then.git";
			requirement = {
				kind = upToNextMajorVersion;
				minimumVersion = 3.0.0;
			};
		};
/* End XCRemoteSwiftPackageReference section */

/* Begin XCSwiftPackageProductDependency section */
		C21902292BB2575F00007F25 /* SnapKit */ = {
			isa = XCSwiftPackageProductDependency;
			package = C21902282BB2575F00007F25 /* XCRemoteSwiftPackageReference "SnapKit" */;
			productName = SnapKit;
		};
		C219022B2BB2575F00007F25 /* SnapKit-Dynamic */ = {
			isa = XCSwiftPackageProductDependency;
			package = C21902282BB2575F00007F25 /* XCRemoteSwiftPackageReference "SnapKit" */;
			productName = "SnapKit-Dynamic";
		};
		C219022F2BB2584300007F25 /* RxCocoa */ = {
			isa = XCSwiftPackageProductDependency;
			package = C219022E2BB2584300007F25 /* XCRemoteSwiftPackageReference "RxSwift" */;
			productName = RxCocoa;
		};
		C21902312BB2584300007F25 /* RxSwift */ = {
			isa = XCSwiftPackageProductDependency;
			package = C219022E2BB2584300007F25 /* XCRemoteSwiftPackageReference "RxSwift" */;
			productName = RxSwift;
		};
		C21902362BB26BC100007F25 /* Then */ = {
			isa = XCSwiftPackageProductDependency;
			package = C21902352BB26BC100007F25 /* XCRemoteSwiftPackageReference "Then" */;
			productName = Then;
		};
/* End XCSwiftPackageProductDependency section */
	};
	rootObject = C21902092BB2574B00007F25 /* Project object */;
}
